
Microsoft Visual Studio Solution File, Format Version 12.00
# Visual Studio Version 16
VisualStudioVersion = 16.0.31911.196
MinimumVisualStudioVersion = 10.0.40219.1
Project("{9A19103F-16F7-4668-BE54-9A1E7A4F7556}") = "DatabaseHelper", "DatabaseHelper\DatabaseHelper.csproj", "{2F9ABE16-54AA-4FDA-83B0-9CBEEF832208}"
EndProject
Global
	GlobalSection(SolutionConfigurationPlatforms) = preSolution
		Debug|Any CPU = Debug|Any CPU
		Release|Any CPU = Release|Any CPU
	EndGlobalSection
	GlobalSection(ProjectConfigurationPlatforms) = postSolution
		{2F9ABE16-54AA-4FDA-83B0-9CBEEF832208}.Debug|Any CPU.ActiveCfg = Debug|Any CPU
		{2F9ABE16-54AA-4FDA-83B0-9CBEEF832208}.Debug|Any CPU.Build.0 = Debug|Any CPU
		{2F9ABE16-54AA-4FDA-83B0-9CBEEF832208}.Release|Any CPU.ActiveCfg = Release|Any CPU
		{2F9ABE16-54AA-4FDA-83B0-9CBEEF832208}.Release|Any CPU.Build.0 = Release|Any CPU
	EndGlobalSection
	GlobalSection(SolutionProperties) = preSolution
		HideSolutionNode = FALSE
	EndGlobalSection
	GlobalSection(ExtensibilityGlobals) = postSolution
		SolutionGuid = {7EF4F04B-5DBC-4B36-8042-3FD3954C9A1C}
	EndGlobalSection
EndGlobal
